
Microsoft Visual Studio Solution File, Format Version 12.00
# Visual Studio 14
VisualStudioVersion = 14.0.25420.1
MinimumVisualStudioVersion = 10.0.40219.1
Project("{FAE04EC0-301F-11D3-BF4B-00C04F79EFBC}") = "MVC_EmployeeProjectReviewScheduler", "MVC_EmployeeProjectReviewScheduler\MVC_EmployeeProjectReviewScheduler.csproj", "{FD59D2B5-ABCB-47EA-99BB-78544B3F2DC3}"
EndProject
Project("{FAE04EC0-301F-11D3-BF4B-00C04F79EFBC}") = "EmployeeEntity", "EmployeeEntity\EmployeeEntity.csproj", "{FB6E356F-F5D5-4199-A19C-C9134B46A750}"
EndProject
Project("{FAE04EC0-301F-11D3-BF4B-00C04F79EFBC}") = "EmployeeRepositary", "EmployeeRepositary\EmployeeRepositary.csproj", "{965D992B-FC76-443C-8287-05D06F1EDCC9}"
EndProject
Global
	GlobalSection(SolutionConfigurationPlatforms) = preSolution
		Debug|Any CPU = Debug|Any CPU
		Release|Any CPU = Release|Any CPU
	EndGlobalSection
	GlobalSection(ProjectConfigurationPlatforms) = postSolution
		{FD59D2B5-ABCB-47EA-99BB-78544B3F2DC3}.Debug|Any CPU.ActiveCfg = Debug|Any CPU
		{FD59D2B5-ABCB-47EA-99BB-78544B3F2DC3}.Debug|Any CPU.Build.0 = Debug|Any CPU
		{FD59D2B5-ABCB-47EA-99BB-78544B3F2DC3}.Release|Any CPU.ActiveCfg = Release|Any CPU
		{FD59D2B5-ABCB-47EA-99BB-78544B3F2DC3}.Release|Any CPU.Build.0 = Release|Any CPU
		{FB6E356F-F5D5-4199-A19C-C9134B46A750}.Debug|Any CPU.ActiveCfg = Debug|Any CPU
		{FB6E356F-F5D5-4199-A19C-C9134B46A750}.Debug|Any CPU.Build.0 = Debug|Any CPU
		{FB6E356F-F5D5-4199-A19C-C9134B46A750}.Release|Any CPU.ActiveCfg = Release|Any CPU
		{FB6E356F-F5D5-4199-A19C-C9134B46A750}.Release|Any CPU.Build.0 = Release|Any CPU
		{965D992B-FC76-443C-8287-05D06F1EDCC9}.Debug|Any CPU.ActiveCfg = Debug|Any CPU
		{965D992B-FC76-443C-8287-05D06F1EDCC9}.Debug|Any CPU.Build.0 = Debug|Any CPU
		{965D992B-FC76-443C-8287-05D06F1EDCC9}.Release|Any CPU.ActiveCfg = Release|Any CPU
		{965D992B-FC76-443C-8287-05D06F1EDCC9}.Release|Any CPU.Build.0 = Release|Any CPU
	EndGlobalSection
	GlobalSection(SolutionProperties) = preSolution
		HideSolutionNode = FALSE
	EndGlobalSection
EndGlobal
